
Microsoft Visual Studio Solution File, Format Version 12.00
# Visual Studio 2013
VisualStudioVersion = 12.0.31101.0
MinimumVisualStudioVersion = 10.0.40219.1
Project("{FAE04EC0-301F-11D3-BF4B-00C04F79EFBC}") = "Aveeno.PL", "Aveeno1\Aveeno.PL.csproj", "{3B3F3676-1F78-4C2C-BBBA-F1DFBEC0E6F2}"
EndProject
Project("{FAE04EC0-301F-11D3-BF4B-00C04F79EFBC}") = "BusinessLibrary", "BusinessLibrary\BusinessLibrary.csproj", "{BB266E82-204A-4804-86E3-A18F1BE0528E}"
EndProject
Project("{FAE04EC0-301F-11D3-BF4B-00C04F79EFBC}") = "DataAccessLibrary", "DataAccessLibrary\DataAccessLibrary.csproj", "{E95983CB-080E-4618-973E-C414B9FED37D}"
EndProject
Project("{FAE04EC0-301F-11D3-BF4B-00C04F79EFBC}") = "Framework", "Framework\Framework.csproj", "{5B2E5113-6A5E-49B4-BECD-E2377CF6C36D}"
EndProject
Project("{FAE04EC0-301F-11D3-BF4B-00C04F79EFBC}") = "Aveeno.WebAPI", "Aveeno.WebAPI\Aveeno.WebAPI.csproj", "{9F8D28E8-2710-4AA7-B370-8E1EF4C009E4}"
EndProject
Project("{2150E333-8FDC-42A3-9474-1A3956D46DE8}") = "0.PL", "0.PL", "{7FF57222-F54A-4307-AEDF-9A20DB6E6E7A}"
EndProject
Project("{2150E333-8FDC-42A3-9474-1A3956D46DE8}") = "1.SL", "1.SL", "{E8DE9680-F032-45B3-895C-6E439CB9DBCD}"
EndProject
Project("{2150E333-8FDC-42A3-9474-1A3956D46DE8}") = "2.BL", "2.BL", "{10C7A97F-D89D-4C91-8237-30F429E640B0}"
EndProject
Project("{2150E333-8FDC-42A3-9474-1A3956D46DE8}") = "3.DAL", "3.DAL", "{DD5FD8B7-1CE1-4A55-A5D5-77FED0C068BE}"
EndProject
Project("{2150E333-8FDC-42A3-9474-1A3956D46DE8}") = "4.Infrastructure", "4.Infrastructure", "{5E7BD178-8A89-4D90-843F-A779F0B440D1}"
EndProject
Project("{FAE04EC0-301F-11D3-BF4B-00C04F79EFBC}") = "WebAPITest", "WebAPITest\WebAPITest.csproj", "{83BFFC2F-01F4-44F2-9BE7-644D7CAA05C7}"
EndProject
Global
	GlobalSection(SolutionConfigurationPlatforms) = preSolution
		Debug|Any CPU = Debug|Any CPU
		Release|Any CPU = Release|Any CPU
	EndGlobalSection
	GlobalSection(ProjectConfigurationPlatforms) = postSolution
		{3B3F3676-1F78-4C2C-BBBA-F1DFBEC0E6F2}.Debug|Any CPU.ActiveCfg = Debug|Any CPU
		{3B3F3676-1F78-4C2C-BBBA-F1DFBEC0E6F2}.Debug|Any CPU.Build.0 = Debug|Any CPU
		{3B3F3676-1F78-4C2C-BBBA-F1DFBEC0E6F2}.Release|Any CPU.ActiveCfg = Release|Any CPU
		{3B3F3676-1F78-4C2C-BBBA-F1DFBEC0E6F2}.Release|Any CPU.Build.0 = Release|Any CPU
		{BB266E82-204A-4804-86E3-A18F1BE0528E}.Debug|Any CPU.ActiveCfg = Debug|Any CPU
		{BB266E82-204A-4804-86E3-A18F1BE0528E}.Debug|Any CPU.Build.0 = Debug|Any CPU
		{BB266E82-204A-4804-86E3-A18F1BE0528E}.Release|Any CPU.ActiveCfg = Release|Any CPU
		{BB266E82-204A-4804-86E3-A18F1BE0528E}.Release|Any CPU.Build.0 = Release|Any CPU
		{E95983CB-080E-4618-973E-C414B9FED37D}.Debug|Any CPU.ActiveCfg = Debug|Any CPU
		{E95983CB-080E-4618-973E-C414B9FED37D}.Debug|Any CPU.Build.0 = Debug|Any CPU
		{E95983CB-080E-4618-973E-C414B9FED37D}.Release|Any CPU.ActiveCfg = Release|Any CPU
		{E95983CB-080E-4618-973E-C414B9FED37D}.Release|Any CPU.Build.0 = Release|Any CPU
		{5B2E5113-6A5E-49B4-BECD-E2377CF6C36D}.Debug|Any CPU.ActiveCfg = Debug|Any CPU
		{5B2E5113-6A5E-49B4-BECD-E2377CF6C36D}.Debug|Any CPU.Build.0 = Debug|Any CPU
		{5B2E5113-6A5E-49B4-BECD-E2377CF6C36D}.Release|Any CPU.ActiveCfg = Release|Any CPU
		{5B2E5113-6A5E-49B4-BECD-E2377CF6C36D}.Release|Any CPU.Build.0 = Release|Any CPU
		{9F8D28E8-2710-4AA7-B370-8E1EF4C009E4}.Debug|Any CPU.ActiveCfg = Debug|Any CPU
		{9F8D28E8-2710-4AA7-B370-8E1EF4C009E4}.Debug|Any CPU.Build.0 = Debug|Any CPU
		{9F8D28E8-2710-4AA7-B370-8E1EF4C009E4}.Release|Any CPU.ActiveCfg = Release|Any CPU
		{9F8D28E8-2710-4AA7-B370-8E1EF4C009E4}.Release|Any CPU.Build.0 = Release|Any CPU
		{83BFFC2F-01F4-44F2-9BE7-644D7CAA05C7}.Debug|Any CPU.ActiveCfg = Debug|Any CPU
		{83BFFC2F-01F4-44F2-9BE7-644D7CAA05C7}.Debug|Any CPU.Build.0 = Debug|Any CPU
		{83BFFC2F-01F4-44F2-9BE7-644D7CAA05C7}.Release|Any CPU.ActiveCfg = Release|Any CPU
		{83BFFC2F-01F4-44F2-9BE7-644D7CAA05C7}.Release|Any CPU.Build.0 = Release|Any CPU
	EndGlobalSection
	GlobalSection(SolutionProperties) = preSolution
		HideSolutionNode = FALSE
	EndGlobalSection
	GlobalSection(NestedProjects) = preSolution
		{3B3F3676-1F78-4C2C-BBBA-F1DFBEC0E6F2} = {7FF57222-F54A-4307-AEDF-9A20DB6E6E7A}
		{BB266E82-204A-4804-86E3-A18F1BE0528E} = {10C7A97F-D89D-4C91-8237-30F429E640B0}
		{E95983CB-080E-4618-973E-C414B9FED37D} = {DD5FD8B7-1CE1-4A55-A5D5-77FED0C068BE}
		{5B2E5113-6A5E-49B4-BECD-E2377CF6C36D} = {5E7BD178-8A89-4D90-843F-A779F0B440D1}
		{9F8D28E8-2710-4AA7-B370-8E1EF4C009E4} = {E8DE9680-F032-45B3-895C-6E439CB9DBCD}
		{83BFFC2F-01F4-44F2-9BE7-644D7CAA05C7} = {E8DE9680-F032-45B3-895C-6E439CB9DBCD}
	EndGlobalSection
EndGlobal
